
Microsoft Visual Studio Solution File, Format Version 12.00
# Visual Studio Version 16
VisualStudioVersion = 16.0.29230.47
MinimumVisualStudioVersion = 10.0.40219.1
Project("{2150E333-8FDC-42A3-9474-1A3956D46DE8}") = "src", "src", "{B36BE973-6D5B-4DAA-BF42-F1CF11D6F18E}"
EndProject
Project("{2150E333-8FDC-42A3-9474-1A3956D46DE8}") = "example", "example", "{1C66E116-DC21-4C8F-833E-A4C2DDF58487}"
EndProject
Project("{2150E333-8FDC-42A3-9474-1A3956D46DE8}") = "global", "global", "{7DCED657-7E83-4E6F-AB14-5753E044304D}"
	ProjectSection(SolutionItems) = preProject
		appveyor.yml = appveyor.yml
		Build.ps1 = Build.ps1
		LICENSE = LICENSE
		README.md = README.md
	EndProjectSection
EndProject
Project("{2150E333-8FDC-42A3-9474-1A3956D46DE8}") = "test", "test", "{5E7A565B-A8EE-43E7-A225-5B640A5D29A0}"
EndProject
Project("{9A19103F-16F7-4668-BE54-9A1E7A4F7556}") = "Seq.Api", "src\Seq.Api\Seq.Api.csproj", "{D4E037DE-9778-4E48-A4A7-E8C1751E637C}"
EndProject
Project("{9A19103F-16F7-4668-BE54-9A1E7A4F7556}") = "Seq.Api.Tests", "test\Seq.Api.Tests\Seq.Api.Tests.csproj", "{CD473266-4AED-4207-89FD-0B185239F1C7}"
EndProject
Project("{9A19103F-16F7-4668-BE54-9A1E7A4F7556}") = "SeqQuery", "example\SeqQuery\SeqQuery.csproj", "{34BBD428-8297-484E-B771-0B72C172C264}"
EndProject
Project("{9A19103F-16F7-4668-BE54-9A1E7A4F7556}") = "SeqTail", "example\SeqTail\SeqTail.csproj", "{42CEBFBA-208F-40F1-AC95-13F05F6D5412}"
EndProject
Project("{9A19103F-16F7-4668-BE54-9A1E7A4F7556}") = "SignalCopy", "example\SignalCopy\SignalCopy.csproj", "{E8CDDE17-8E29-4EB4-A4BB-38BCE346A752}"
EndProject
Global
	GlobalSection(SolutionConfigurationPlatforms) = preSolution
		Debug|Any CPU = Debug|Any CPU
		Release|Any CPU = Release|Any CPU
	EndGlobalSection
	GlobalSection(ProjectConfigurationPlatforms) = postSolution
		{D4E037DE-9778-4E48-A4A7-E8C1751E637C}.Debug|Any CPU.ActiveCfg = Debug|Any CPU
		{D4E037DE-9778-4E48-A4A7-E8C1751E637C}.Debug|Any CPU.Build.0 = Debug|Any CPU
		{D4E037DE-9778-4E48-A4A7-E8C1751E637C}.Release|Any CPU.ActiveCfg = Release|Any CPU
		{D4E037DE-9778-4E48-A4A7-E8C1751E637C}.Release|Any CPU.Build.0 = Release|Any CPU
		{CD473266-4AED-4207-89FD-0B185239F1C7}.Debug|Any CPU.ActiveCfg = Debug|Any CPU
		{CD473266-4AED-4207-89FD-0B185239F1C7}.Debug|Any CPU.Build.0 = Debug|Any CPU
		{CD473266-4AED-4207-89FD-0B185239F1C7}.Release|Any CPU.ActiveCfg = Release|Any CPU
		{CD473266-4AED-4207-89FD-0B185239F1C7}.Release|Any CPU.Build.0 = Release|Any CPU
		{34BBD428-8297-484E-B771-0B72C172C264}.Debug|Any CPU.ActiveCfg = Debug|Any CPU
		{34BBD428-8297-484E-B771-0B72C172C264}.Debug|Any CPU.Build.0 = Debug|Any CPU
		{34BBD428-8297-484E-B771-0B72C172C264}.Release|Any CPU.ActiveCfg = Release|Any CPU
		{34BBD428-8297-484E-B771-0B72C172C264}.Release|Any CPU.Build.0 = Release|Any CPU
		{42CEBFBA-208F-40F1-AC95-13F05F6D5412}.Debug|Any CPU.ActiveCfg = Debug|Any CPU
		{42CEBFBA-208F-40F1-AC95-13F05F6D5412}.Debug|Any CPU.Build.0 = Debug|Any CPU
		{42CEBFBA-208F-40F1-AC95-13F05F6D5412}.Release|Any CPU.ActiveCfg = Release|Any CPU
		{42CEBFBA-208F-40F1-AC95-13F05F6D5412}.Release|Any CPU.Build.0 = Release|Any CPU
		{E8CDDE17-8E29-4EB4-A4BB-38BCE346A752}.Debug|Any CPU.ActiveCfg = Debug|Any CPU
		{E8CDDE17-8E29-4EB4-A4BB-38BCE346A752}.Debug|Any CPU.Build.0 = Debug|Any CPU
		{E8CDDE17-8E29-4EB4-A4BB-38BCE346A752}.Release|Any CPU.ActiveCfg = Release|Any CPU
		{E8CDDE17-8E29-4EB4-A4BB-38BCE346A752}.Release|Any CPU.Build.0 = Release|Any CPU
	EndGlobalSection
	GlobalSection(SolutionProperties) = preSolution
		HideSolutionNode = FALSE
	EndGlobalSection
	GlobalSection(NestedProjects) = preSolution
		{D4E037DE-9778-4E48-A4A7-E8C1751E637C} = {B36BE973-6D5B-4DAA-BF42-F1CF11D6F18E}
		{CD473266-4AED-4207-89FD-0B185239F1C7} = {5E7A565B-A8EE-43E7-A225-5B640A5D29A0}
		{34BBD428-8297-484E-B771-0B72C172C264} = {1C66E116-DC21-4C8F-833E-A4C2DDF58487}
		{42CEBFBA-208F-40F1-AC95-13F05F6D5412} = {1C66E116-DC21-4C8F-833E-A4C2DDF58487}
		{E8CDDE17-8E29-4EB4-A4BB-38BCE346A752} = {1C66E116-DC21-4C8F-833E-A4C2DDF58487}
	EndGlobalSection
	GlobalSection(ExtensibilityGlobals) = postSolution
		SolutionGuid = {20BAB483-FB94-4373-8E4C-0F846B6DBFFC}
	EndGlobalSection
EndGlobal
